
Microsoft Visual Studio Solution File, Format Version 12.00
# Visual Studio Version 16
VisualStudioVersion = 16.0.31613.86
MinimumVisualStudioVersion = 10.0.40219.1
Project("{6989167D-11E4-40FE-8C1A-2192A86A7E90}") = "CalcEosVs", "CalcEosVs.vfproj", "{0353AB29-4EB3-4FCD-9CBB-84FF0E4AD29C}"
EndProject
Project("{6989167D-11E4-40FE-8C1A-2192A86A7E90}") = "PGLWrapper", "PGLWrapper.vfproj", "{7E7E6F5B-B56E-494A-AC46-648A21D17411}"
EndProject
Project("{6989167D-11E4-40FE-8C1A-2192A86A7E90}") = "PGLDll", "PGLDll.vfproj", "{3016B63B-4466-448E-A31C-65C0B0EA0971}"
EndProject
Project("{6989167D-11E4-40FE-8C1A-2192A86A7E90}") = "dllTest", "dllTest.vfproj", "{6FD05F61-37D4-4DE1-BE50-E2D285E5E4A5}"
EndProject
Global
	GlobalSection(SolutionConfigurationPlatforms) = preSolution
		Debug|Win32 = Debug|Win32
		Debug|x64 = Debug|x64
		Release|Win32 = Release|Win32
		Release|x64 = Release|x64
	EndGlobalSection
	GlobalSection(ProjectConfigurationPlatforms) = postSolution
		{0353AB29-4EB3-4FCD-9CBB-84FF0E4AD29C}.Debug|Win32.ActiveCfg = Debug|Win32
		{0353AB29-4EB3-4FCD-9CBB-84FF0E4AD29C}.Debug|Win32.Build.0 = Debug|Win32
		{0353AB29-4EB3-4FCD-9CBB-84FF0E4AD29C}.Debug|x64.ActiveCfg = Debug|x64
		{0353AB29-4EB3-4FCD-9CBB-84FF0E4AD29C}.Debug|x64.Build.0 = Debug|x64
		{0353AB29-4EB3-4FCD-9CBB-84FF0E4AD29C}.Release|Win32.ActiveCfg = Release|Win32
		{0353AB29-4EB3-4FCD-9CBB-84FF0E4AD29C}.Release|Win32.Build.0 = Release|Win32
		{0353AB29-4EB3-4FCD-9CBB-84FF0E4AD29C}.Release|x64.ActiveCfg = Release|x64
		{0353AB29-4EB3-4FCD-9CBB-84FF0E4AD29C}.Release|x64.Build.0 = Release|x64
		{7E7E6F5B-B56E-494A-AC46-648A21D17411}.Debug|Win32.ActiveCfg = Debug|Win32
		{7E7E6F5B-B56E-494A-AC46-648A21D17411}.Debug|Win32.Build.0 = Debug|Win32
		{7E7E6F5B-B56E-494A-AC46-648A21D17411}.Debug|x64.ActiveCfg = Debug|x64
		{7E7E6F5B-B56E-494A-AC46-648A21D17411}.Debug|x64.Build.0 = Debug|x64
		{7E7E6F5B-B56E-494A-AC46-648A21D17411}.Release|Win32.ActiveCfg = Release|Win32
		{7E7E6F5B-B56E-494A-AC46-648A21D17411}.Release|Win32.Build.0 = Release|Win32
		{7E7E6F5B-B56E-494A-AC46-648A21D17411}.Release|x64.ActiveCfg = Release|x64
		{7E7E6F5B-B56E-494A-AC46-648A21D17411}.Release|x64.Build.0 = Release|x64
		{3016B63B-4466-448E-A31C-65C0B0EA0971}.Debug|Win32.ActiveCfg = Debug|Win32
		{3016B63B-4466-448E-A31C-65C0B0EA0971}.Debug|Win32.Build.0 = Debug|Win32
		{3016B63B-4466-448E-A31C-65C0B0EA0971}.Debug|x64.ActiveCfg = Debug|x64
		{3016B63B-4466-448E-A31C-65C0B0EA0971}.Debug|x64.Build.0 = Debug|x64
		{3016B63B-4466-448E-A31C-65C0B0EA0971}.Release|Win32.ActiveCfg = Release|Win32
		{3016B63B-4466-448E-A31C-65C0B0EA0971}.Release|Win32.Build.0 = Release|Win32
		{3016B63B-4466-448E-A31C-65C0B0EA0971}.Release|x64.ActiveCfg = Release|x64
		{3016B63B-4466-448E-A31C-65C0B0EA0971}.Release|x64.Build.0 = Release|x64
		{6FD05F61-37D4-4DE1-BE50-E2D285E5E4A5}.Debug|Win32.ActiveCfg = Debug|Win32
		{6FD05F61-37D4-4DE1-BE50-E2D285E5E4A5}.Debug|Win32.Build.0 = Debug|Win32
		{6FD05F61-37D4-4DE1-BE50-E2D285E5E4A5}.Debug|x64.ActiveCfg = Debug|x64
		{6FD05F61-37D4-4DE1-BE50-E2D285E5E4A5}.Debug|x64.Build.0 = Debug|x64
		{6FD05F61-37D4-4DE1-BE50-E2D285E5E4A5}.Release|Win32.ActiveCfg = Release|Win32
		{6FD05F61-37D4-4DE1-BE50-E2D285E5E4A5}.Release|Win32.Build.0 = Release|Win32
		{6FD05F61-37D4-4DE1-BE50-E2D285E5E4A5}.Release|x64.ActiveCfg = Release|x64
		{6FD05F61-37D4-4DE1-BE50-E2D285E5E4A5}.Release|x64.Build.0 = Release|x64
	EndGlobalSection
	GlobalSection(SolutionProperties) = preSolution
		HideSolutionNode = FALSE
	EndGlobalSection
	GlobalSection(ExtensibilityGlobals) = postSolution
		SolutionGuid = {910FD07B-FF4B-44AE-8D42-3768F13D189A}
	EndGlobalSection
EndGlobal
